
Microsoft Visual Studio Solution File, Format Version 12.00
# Visual Studio Version 16
VisualStudioVersion = 16.0.30907.101
MinimumVisualStudioVersion = 10.0.40219.1
Project("{9A19103F-16F7-4668-BE54-9A1E7A4F7556}") = "DataAccess", "DataAccess\DataAccess.csproj", "{478C3BE9-FCDE-44FD-BAD4-1FCBC6C2FB60}"
EndProject
Project("{9A19103F-16F7-4668-BE54-9A1E7A4F7556}") = "Business", "Business\Business.csproj", "{C95245CD-5FCE-404B-8E56-277C7B71EB04}"
EndProject
Project("{9A19103F-16F7-4668-BE54-9A1E7A4F7556}") = "Entities", "Entities\Entities.csproj", "{A16C9BB9-F855-4C1F-B42C-134536DF3314}"
EndProject
Project("{9A19103F-16F7-4668-BE54-9A1E7A4F7556}") = "ConsoleUI", "ConsoleUI\ConsoleUI.csproj", "{95AAE9D3-361A-4AA7-801A-BA7D114188C4}"
EndProject
Project("{FAE04EC0-301F-11D3-BF4B-00C04F79EFBC}") = "Core", "Core\Core.csproj", "{214DAFE2-DA14-4F2C-BCCC-6B929FCF3CFE}"
EndProject
Global
	GlobalSection(SolutionConfigurationPlatforms) = preSolution
		Debug|Any CPU = Debug|Any CPU
		Release|Any CPU = Release|Any CPU
	EndGlobalSection
	GlobalSection(ProjectConfigurationPlatforms) = postSolution
		{478C3BE9-FCDE-44FD-BAD4-1FCBC6C2FB60}.Debug|Any CPU.ActiveCfg = Debug|Any CPU
		{478C3BE9-FCDE-44FD-BAD4-1FCBC6C2FB60}.Debug|Any CPU.Build.0 = Debug|Any CPU
		{478C3BE9-FCDE-44FD-BAD4-1FCBC6C2FB60}.Release|Any CPU.ActiveCfg = Release|Any CPU
		{478C3BE9-FCDE-44FD-BAD4-1FCBC6C2FB60}.Release|Any CPU.Build.0 = Release|Any CPU
		{C95245CD-5FCE-404B-8E56-277C7B71EB04}.Debug|Any CPU.ActiveCfg = Debug|Any CPU
		{C95245CD-5FCE-404B-8E56-277C7B71EB04}.Debug|Any CPU.Build.0 = Debug|Any CPU
		{C95245CD-5FCE-404B-8E56-277C7B71EB04}.Release|Any CPU.ActiveCfg = Release|Any CPU
		{C95245CD-5FCE-404B-8E56-277C7B71EB04}.Release|Any CPU.Build.0 = Release|Any CPU
		{A16C9BB9-F855-4C1F-B42C-134536DF3314}.Debug|Any CPU.ActiveCfg = Debug|Any CPU
		{A16C9BB9-F855-4C1F-B42C-134536DF3314}.Debug|Any CPU.Build.0 = Debug|Any CPU
		{A16C9BB9-F855-4C1F-B42C-134536DF3314}.Release|Any CPU.ActiveCfg = Release|Any CPU
		{A16C9BB9-F855-4C1F-B42C-134536DF3314}.Release|Any CPU.Build.0 = Release|Any CPU
		{95AAE9D3-361A-4AA7-801A-BA7D114188C4}.Debug|Any CPU.ActiveCfg = Debug|Any CPU
		{95AAE9D3-361A-4AA7-801A-BA7D114188C4}.Debug|Any CPU.Build.0 = Debug|Any CPU
		{95AAE9D3-361A-4AA7-801A-BA7D114188C4}.Release|Any CPU.ActiveCfg = Release|Any CPU
		{95AAE9D3-361A-4AA7-801A-BA7D114188C4}.Release|Any CPU.Build.0 = Release|Any CPU
		{214DAFE2-DA14-4F2C-BCCC-6B929FCF3CFE}.Debug|Any CPU.ActiveCfg = Debug|Any CPU
		{214DAFE2-DA14-4F2C-BCCC-6B929FCF3CFE}.Debug|Any CPU.Build.0 = Debug|Any CPU
		{214DAFE2-DA14-4F2C-BCCC-6B929FCF3CFE}.Release|Any CPU.ActiveCfg = Release|Any CPU
		{214DAFE2-DA14-4F2C-BCCC-6B929FCF3CFE}.Release|Any CPU.Build.0 = Release|Any CPU
	EndGlobalSection
	GlobalSection(SolutionProperties) = preSolution
		HideSolutionNode = FALSE
	EndGlobalSection
	GlobalSection(ExtensibilityGlobals) = postSolution
		SolutionGuid = {9B98FBCC-0D23-453F-B864-E14FBA197165}
	EndGlobalSection
EndGlobal
